
Microsoft Visual Studio Solution File, Format Version 12.00
# Visual Studio 2013
VisualStudioVersion = 12.0.31101.0
MinimumVisualStudioVersion = 10.0.40219.1
Project("{FAE04EC0-301F-11D3-BF4B-00C04F79EFBC}") = "CampoMinado", "CampoMinado\CampoMinado.csproj", "{12083D71-732D-434C-853B-3E614A280948}"
EndProject
Project("{FAE04EC0-301F-11D3-BF4B-00C04F79EFBC}") = "CampoMinado.Testes", "CampoMinado.Testes\CampoMinado.Testes.csproj", "{647DFE34-4FDC-4EFC-A5B8-26DE6B124989}"
EndProject
Global
	GlobalSection(SolutionConfigurationPlatforms) = preSolution
		Debug|Any CPU = Debug|Any CPU
		Release|Any CPU = Release|Any CPU
	EndGlobalSection
	GlobalSection(ProjectConfigurationPlatforms) = postSolution
		{12083D71-732D-434C-853B-3E614A280948}.Debug|Any CPU.ActiveCfg = Debug|Any CPU
		{12083D71-732D-434C-853B-3E614A280948}.Debug|Any CPU.Build.0 = Debug|Any CPU
		{12083D71-732D-434C-853B-3E614A280948}.Release|Any CPU.ActiveCfg = Release|Any CPU
		{12083D71-732D-434C-853B-3E614A280948}.Release|Any CPU.Build.0 = Release|Any CPU
		{647DFE34-4FDC-4EFC-A5B8-26DE6B124989}.Debug|Any CPU.ActiveCfg = Debug|Any CPU
		{647DFE34-4FDC-4EFC-A5B8-26DE6B124989}.Debug|Any CPU.Build.0 = Debug|Any CPU
		{647DFE34-4FDC-4EFC-A5B8-26DE6B124989}.Release|Any CPU.ActiveCfg = Release|Any CPU
		{647DFE34-4FDC-4EFC-A5B8-26DE6B124989}.Release|Any CPU.Build.0 = Release|Any CPU
	EndGlobalSection
	GlobalSection(SolutionProperties) = preSolution
		HideSolutionNode = FALSE
	EndGlobalSection
EndGlobal
