
Microsoft Visual Studio Solution File, Format Version 12.00
# Visual Studio 2013
VisualStudioVersion = 12.0.31101.0
MinimumVisualStudioVersion = 10.0.40219.1
Project("{FAE04EC0-301F-11D3-BF4B-00C04F79EFBC}") = "PortaBanco", "PortaBanco\PortaBanco.csproj", "{03C7FD1A-74BC-449A-ADE0-9A1EA76F66CD}"
EndProject
Project("{FAE04EC0-301F-11D3-BF4B-00C04F79EFBC}") = "PortaBanco.Testes", "PortaBanco.Testes\PortaBanco.Testes.csproj", "{5F4E9BAC-42AF-4E0A-B0A7-BF0F3C40CBE3}"
EndProject
Global
	GlobalSection(SolutionConfigurationPlatforms) = preSolution
		Debug|Any CPU = Debug|Any CPU
		Release|Any CPU = Release|Any CPU
	EndGlobalSection
	GlobalSection(ProjectConfigurationPlatforms) = postSolution
		{03C7FD1A-74BC-449A-ADE0-9A1EA76F66CD}.Debug|Any CPU.ActiveCfg = Debug|Any CPU
		{03C7FD1A-74BC-449A-ADE0-9A1EA76F66CD}.Debug|Any CPU.Build.0 = Debug|Any CPU
		{03C7FD1A-74BC-449A-ADE0-9A1EA76F66CD}.Release|Any CPU.ActiveCfg = Release|Any CPU
		{03C7FD1A-74BC-449A-ADE0-9A1EA76F66CD}.Release|Any CPU.Build.0 = Release|Any CPU
		{5F4E9BAC-42AF-4E0A-B0A7-BF0F3C40CBE3}.Debug|Any CPU.ActiveCfg = Debug|Any CPU
		{5F4E9BAC-42AF-4E0A-B0A7-BF0F3C40CBE3}.Debug|Any CPU.Build.0 = Debug|Any CPU
		{5F4E9BAC-42AF-4E0A-B0A7-BF0F3C40CBE3}.Release|Any CPU.ActiveCfg = Release|Any CPU
		{5F4E9BAC-42AF-4E0A-B0A7-BF0F3C40CBE3}.Release|Any CPU.Build.0 = Release|Any CPU
	EndGlobalSection
	GlobalSection(SolutionProperties) = preSolution
		HideSolutionNode = FALSE
	EndGlobalSection
EndGlobal
