
Microsoft Visual Studio Solution File, Format Version 12.00
# Visual Studio 2013
VisualStudioVersion = 12.0.31101.0
MinimumVisualStudioVersion = 10.0.40219.1
Project("{FAE04EC0-301F-11D3-BF4B-00C04F79EFBC}") = "RegraTenis", "RegraTenis\RegraTenis.csproj", "{6E3A7FFF-2B59-42F5-8204-03D3A7F1EAFB}"
EndProject
Project("{FAE04EC0-301F-11D3-BF4B-00C04F79EFBC}") = "RegraTenis.Testes", "RegraTenis.Testes\RegraTenis.Testes.csproj", "{1F679D32-5FBB-4589-AA8C-B8E201B12495}"
EndProject
Global
	GlobalSection(SolutionConfigurationPlatforms) = preSolution
		Debug|Any CPU = Debug|Any CPU
		Release|Any CPU = Release|Any CPU
	EndGlobalSection
	GlobalSection(ProjectConfigurationPlatforms) = postSolution
		{6E3A7FFF-2B59-42F5-8204-03D3A7F1EAFB}.Debug|Any CPU.ActiveCfg = Debug|Any CPU
		{6E3A7FFF-2B59-42F5-8204-03D3A7F1EAFB}.Debug|Any CPU.Build.0 = Debug|Any CPU
		{6E3A7FFF-2B59-42F5-8204-03D3A7F1EAFB}.Release|Any CPU.ActiveCfg = Release|Any CPU
		{6E3A7FFF-2B59-42F5-8204-03D3A7F1EAFB}.Release|Any CPU.Build.0 = Release|Any CPU
		{1F679D32-5FBB-4589-AA8C-B8E201B12495}.Debug|Any CPU.ActiveCfg = Debug|Any CPU
		{1F679D32-5FBB-4589-AA8C-B8E201B12495}.Debug|Any CPU.Build.0 = Debug|Any CPU
		{1F679D32-5FBB-4589-AA8C-B8E201B12495}.Release|Any CPU.ActiveCfg = Release|Any CPU
		{1F679D32-5FBB-4589-AA8C-B8E201B12495}.Release|Any CPU.Build.0 = Release|Any CPU
	EndGlobalSection
	GlobalSection(SolutionProperties) = preSolution
		HideSolutionNode = FALSE
	EndGlobalSection
EndGlobal
